
Microsoft Visual Studio Solution File, Format Version 12.00
# Visual Studio Version 16
VisualStudioVersion = 16.0.29001.49
MinimumVisualStudioVersion = 10.0.40219.1
Project("{FAE04EC0-301F-11D3-BF4B-00C04F79EFBC}") = "ListBox", "ListBox\ListBox.csproj", "{C28C355D-ECE6-4C10-8DA0-A83F990BD6DB}"
EndProject
Global
	GlobalSection(SolutionConfigurationPlatforms) = preSolution
		Debug|Any CPU = Debug|Any CPU
		Release|Any CPU = Release|Any CPU
	EndGlobalSection
	GlobalSection(ProjectConfigurationPlatforms) = postSolution
		{C28C355D-ECE6-4C10-8DA0-A83F990BD6DB}.Debug|Any CPU.ActiveCfg = Debug|Any CPU
		{C28C355D-ECE6-4C10-8DA0-A83F990BD6DB}.Debug|Any CPU.Build.0 = Debug|Any CPU
		{C28C355D-ECE6-4C10-8DA0-A83F990BD6DB}.Release|Any CPU.ActiveCfg = Release|Any CPU
		{C28C355D-ECE6-4C10-8DA0-A83F990BD6DB}.Release|Any CPU.Build.0 = Release|Any CPU
	EndGlobalSection
	GlobalSection(SolutionProperties) = preSolution
		HideSolutionNode = FALSE
	EndGlobalSection
	GlobalSection(ExtensibilityGlobals) = postSolution
		SolutionGuid = {BBAF3553-AC8C-4F48-8961-9F88272EFD60}
	EndGlobalSection
EndGlobal
